{
    "name": "pr2-to-coldp",
    "lockfileVersion": 3,
    "requires": true,
    "packages": {
        "": {
            "dependencies": {
                "csv-parse": "^4.3.4",
                "lodash": "^4.17.11",
                "stream-transform": "^1.0.8"
            }
        },
        "node_modules/csv-parse": {
            "version": "4.16.3",
            "resolved": "https://registry.npmjs.org/csv-parse/-/csv-parse-4.16.3.tgz",
            "integrity": "sha512-cO1I/zmz4w2dcKHVvpCr7JVRu8/FymG5OEpmvsZYlccYolPBLoVGKUHgNoc4ZGkFeFlWGEDmMyBM+TTqRdW/wg=="
        },
        "node_modules/lodash": {
            "version": "4.17.21",
            "resolved": "https://registry.npmjs.org/lodash/-/lodash-4.17.21.tgz",
            "integrity": "sha512-v2kDEe57lecTulaDIuNTPy3Ry4gLGJ6Z1O3vE1krgXZNrsQ+LFTGHVxVjcXPs17LhbZVGedAJv8XZ1tvj5FvSg=="
        },
        "node_modules/stream-transform": {
            "version": "1.0.8",
            "resolved": "https://registry.npmjs.org/stream-transform/-/stream-transform-1.0.8.tgz",
            "integrity": "sha512-1q+dL790Ps0NV33rISMq9OLtfDA9KMJZdo1PHZXE85orrWsM4FAh8CVyAOTHO0rhyeM138KNPngBPrx33bFsxw=="
        }
    }
}
